
Microsoft Visual Studio Solution File, Format Version 12.00
# Visual Studio 15
VisualStudioVersion = 15.0.27703.2026
MinimumVisualStudioVersion = 10.0.40219.1
Project("{FAE04EC0-301F-11D3-BF4B-00C04F79EFBC}") = "LoggingPerfApp", "LoggingPerfApp\LoggingPerfApp.csproj", "{1DCFA757-B844-4981-BD8C-371DAA417DCD}"
EndProject
Global
	GlobalSection(SolutionConfigurationPlatforms) = preSolution
		Debug|Any CPU = Debug|Any CPU
		Release|Any CPU = Release|Any CPU
	EndGlobalSection
	GlobalSection(ProjectConfigurationPlatforms) = postSolution
		{1DCFA757-B844-4981-BD8C-371DAA417DCD}.Debug|Any CPU.ActiveCfg = Debug|Any CPU
		{1DCFA757-B844-4981-BD8C-371DAA417DCD}.Debug|Any CPU.Build.0 = Debug|Any CPU
		{1DCFA757-B844-4981-BD8C-371DAA417DCD}.Release|Any CPU.ActiveCfg = Release|Any CPU
		{1DCFA757-B844-4981-BD8C-371DAA417DCD}.Release|Any CPU.Build.0 = Release|Any CPU
	EndGlobalSection
	GlobalSection(SolutionProperties) = preSolution
		HideSolutionNode = FALSE
	EndGlobalSection
	GlobalSection(ExtensibilityGlobals) = postSolution
		SolutionGuid = {4AF001C1-F27F-42D0-8163-63BE4C73C19D}
	EndGlobalSection
EndGlobal
